<?xml version="1.0" encoding="utf-8"?>
<Project ToolsVersion="4.0" xmlns="http://schemas.microsoft.com/developer/msbuild/2003">
  <ItemGroup>
    <Filter Include="Resource Files">
      <UniqueIdentifier>{67DA6AB6-F800-4c08-8B7A-83BB121AAD01}</UniqueIdentifier>
      <Extensions>rc;ico;cur;bmp;dlg;rc2;rct;bin;rgs;gif;jpg;jpeg;jpe;resx;tiff;tif;png;wav;mfcribbon-ms</Extensions>
    </Filter>
    <Filter Include="Source">
      <UniqueIdentifier>{34724178-ad18-4a36-bbe9-30df7acdc4f6}</UniqueIdentifier>
    </Filter>
    <Filter Include="Source\Utils">
      <UniqueIdentifier>{77175a24-32d3-443d-9698-80ba23406564}</UniqueIdentifier>
    </Filter>
    <Filter Include="Source\Game">
      <UniqueIdentifier>{0ba5a467-21c0-49e5-bf68-54f8bc759d13}</UniqueIdentifier>
    </Filter>
    <Filter Include="Source\Game\AStar">
      <UniqueIdentifier>{847be889-8631-40c4-8695-aed6c91af290}</UniqueIdentifier>
    </Filter>
  </ItemGroup>
  <ItemGroup>
    <ClInclude Include="AStar.h">
      <Filter>Source\Game\AStar</Filter>
    </ClInclude>
    <ClInclude Include="AStarNode.h">
      <Filter>Source\Game\AStar</Filter>
    </ClInclude>
    <ClInclude Include="Configuration.h">
      <Filter>Source\Game\AStar</Filter>
    </ClInclude>
    <ClInclude Include="Stopwatch.h">
      <Filter>Source\Utils</Filter>
    </ClInclude>
    <ClInclude Include="Singleton.h">
      <Filter>Source\Utils</Filter>
    </ClInclude>
    <ClInclude Include="Cell.h">
      <Filter>Source\Game</Filter>
    </ClInclude>
    <ClInclude Include="GameManager.h">
      <Filter>Source\Game</Filter>
    </ClInclude>
    <ClInclude Include="World.h">
      <Filter>Source\Game</Filter>
    </ClInclude>
    <ClInclude Include="basewin.h">
      <Filter>Source</Filter>
    </ClInclude>
    <ClInclude Include="Engine.h">
      <Filter>Source</Filter>
    </ClInclude>
    <ClInclude Include="framework.h">
      <Filter>Source</Filter>
    </ClInclude>
    <ClInclude Include="Main.h">
      <Filter>Source</Filter>
    </ClInclude>
    <ClInclude Include="Resource.h">
      <Filter>Source</Filter>
    </ClInclude>
    <ClInclude Include="targetver.h">
      <Filter>Source</Filter>
    </ClInclude>
    <ClInclude Include="MyAStar.h">
      <Filter>Source\Game\AStar</Filter>
    </ClInclude>
  </ItemGroup>
  <ItemGroup>
    <ClCompile Include="AStar.cpp">
      <Filter>Source\Game\AStar</Filter>
    </ClCompile>
    <ClCompile Include="AStarNode.cpp">
      <Filter>Source\Game\AStar</Filter>
    </ClCompile>
    <ClCompile Include="Cell.cpp">
      <Filter>Source\Game</Filter>
    </ClCompile>
    <ClCompile Include="GameManager.cpp">
      <Filter>Source\Game</Filter>
    </ClCompile>
    <ClCompile Include="World.cpp">
      <Filter>Source\Game</Filter>
    </ClCompile>
    <ClCompile Include="Engine.cpp">
      <Filter>Source</Filter>
    </ClCompile>
    <ClCompile Include="Main.cpp">
      <Filter>Source</Filter>
    </ClCompile>
    <ClCompile Include="MyAStar.cpp">
      <Filter>Source\Game\AStar</Filter>
    </ClCompile>
  </ItemGroup>
  <ItemGroup>
    <ResourceCompile Include="AStar.rc">
      <Filter>Resource Files</Filter>
    </ResourceCompile>
  </ItemGroup>
  <ItemGroup>
    <Image Include="small.ico">
      <Filter>Resource Files</Filter>
    </Image>
    <Image Include="AStar.ico">
      <Filter>Resource Files</Filter>
    </Image>
  </ItemGroup>
</Project>